
Microsoft Visual Studio Solution File, Format Version 12.00
# Visual Studio Version 16
VisualStudioVersion = 16.0.31829.152
MinimumVisualStudioVersion = 10.0.40219.1
Project("{9A19103F-16F7-4668-BE54-9A1E7A4F7556}") = "scooterRental", "scooterRental\scooterRental.csproj", "{76885230-720C-4B3D-916E-167BFE3E530B}"
EndProject
Project("{9A19103F-16F7-4668-BE54-9A1E7A4F7556}") = "scooterRental.Tests", "scooterRental.Test\scooterRental.Tests.csproj", "{4008B9BA-DEB6-4810-9563-94A47EC3A4BC}"
EndProject
Global
	GlobalSection(SolutionConfigurationPlatforms) = preSolution
		Debug|Any CPU = Debug|Any CPU
		Release|Any CPU = Release|Any CPU
	EndGlobalSection
	GlobalSection(ProjectConfigurationPlatforms) = postSolution
		{76885230-720C-4B3D-916E-167BFE3E530B}.Debug|Any CPU.ActiveCfg = Debug|Any CPU
		{76885230-720C-4B3D-916E-167BFE3E530B}.Debug|Any CPU.Build.0 = Debug|Any CPU
		{76885230-720C-4B3D-916E-167BFE3E530B}.Release|Any CPU.ActiveCfg = Release|Any CPU
		{76885230-720C-4B3D-916E-167BFE3E530B}.Release|Any CPU.Build.0 = Release|Any CPU
		{4008B9BA-DEB6-4810-9563-94A47EC3A4BC}.Debug|Any CPU.ActiveCfg = Debug|Any CPU
		{4008B9BA-DEB6-4810-9563-94A47EC3A4BC}.Debug|Any CPU.Build.0 = Debug|Any CPU
		{4008B9BA-DEB6-4810-9563-94A47EC3A4BC}.Release|Any CPU.ActiveCfg = Release|Any CPU
		{4008B9BA-DEB6-4810-9563-94A47EC3A4BC}.Release|Any CPU.Build.0 = Release|Any CPU
	EndGlobalSection
	GlobalSection(SolutionProperties) = preSolution
		HideSolutionNode = FALSE
	EndGlobalSection
	GlobalSection(ExtensibilityGlobals) = postSolution
		SolutionGuid = {9BD6A39D-0163-4103-B505-CE65712D4370}
	EndGlobalSection
EndGlobal
